
Microsoft Visual Studio Solution File, Format Version 12.00
# Visual Studio Version 16
VisualStudioVersion = 16.0.30804.86
MinimumVisualStudioVersion = 10.0.40219.1
Project("{FAE04EC0-301F-11D3-BF4B-00C04F79EFBC}") = "CSV.ChartView", "CSV.ChartView\CSV.ChartView.csproj", "{4686104D-7ECA-4E66-9ED2-03FCF8291A2F}"
EndProject
Global
	GlobalSection(SolutionConfigurationPlatforms) = preSolution
		Debug|Any CPU = Debug|Any CPU
		Debug|x64 = Debug|x64
		Release with Code Analysis|Any CPU = Release with Code Analysis|Any CPU
		Release with Code Analysis|x64 = Release with Code Analysis|x64
		Release|Any CPU = Release|Any CPU
		Release|x64 = Release|x64
	EndGlobalSection
	GlobalSection(ProjectConfigurationPlatforms) = postSolution
		{4686104D-7ECA-4E66-9ED2-03FCF8291A2F}.Debug|Any CPU.ActiveCfg = Debug|Any CPU
		{4686104D-7ECA-4E66-9ED2-03FCF8291A2F}.Debug|Any CPU.Build.0 = Debug|Any CPU
		{4686104D-7ECA-4E66-9ED2-03FCF8291A2F}.Debug|x64.ActiveCfg = Debug|x64
		{4686104D-7ECA-4E66-9ED2-03FCF8291A2F}.Debug|x64.Build.0 = Debug|x64
		{4686104D-7ECA-4E66-9ED2-03FCF8291A2F}.Release with Code Analysis|Any CPU.ActiveCfg = Release|Any CPU
		{4686104D-7ECA-4E66-9ED2-03FCF8291A2F}.Release with Code Analysis|Any CPU.Build.0 = Release|Any CPU
		{4686104D-7ECA-4E66-9ED2-03FCF8291A2F}.Release with Code Analysis|x64.ActiveCfg = Release|x64
		{4686104D-7ECA-4E66-9ED2-03FCF8291A2F}.Release with Code Analysis|x64.Build.0 = Release|x64
		{4686104D-7ECA-4E66-9ED2-03FCF8291A2F}.Release|Any CPU.ActiveCfg = Release|Any CPU
		{4686104D-7ECA-4E66-9ED2-03FCF8291A2F}.Release|Any CPU.Build.0 = Release|Any CPU
		{4686104D-7ECA-4E66-9ED2-03FCF8291A2F}.Release|x64.ActiveCfg = Release|x64
		{4686104D-7ECA-4E66-9ED2-03FCF8291A2F}.Release|x64.Build.0 = Release|x64
	EndGlobalSection
	GlobalSection(SolutionProperties) = preSolution
		HideSolutionNode = FALSE
	EndGlobalSection
	GlobalSection(ExtensibilityGlobals) = postSolution
		SolutionGuid = {FCA95525-A2F9-429B-BD6D-6704D77CF51F}
	EndGlobalSection
EndGlobal
